Microsoft Visual Studio Solution File, Format Version 8.00
Project("{8BC9CEB8-8B4A-11D0-8D11-00A0C91BC942}") = "PiggViewer", "PiggViewer.vcproj", "{6C2D8B5C-CFBD-4E32-8A94-F36B2913166F}"
	ProjectSection(ProjectDependencies) = postProject
	EndProjectSection
EndProject
Global
	GlobalSection(SourceCodeControl) = preSolution
		SccNumberOfProjects = 2
		SccProjectUniqueName0 = PiggViewer.vcproj
		SccLocalPath0 = .
		CanCheckoutShared = true
		SccLocalPath1 = .
		CanCheckoutShared = true
		SolutionUniqueID = {AA5290C4-35EA-4875-8D6E-EE149370B176}
	EndGlobalSection
	GlobalSection(SolutionConfiguration) = preSolution
		Debug = Debug
		Release = Release
	EndGlobalSection
	GlobalSection(ProjectConfiguration) = postSolution
		{6C2D8B5C-CFBD-4E32-8A94-F36B2913166F}.Debug.ActiveCfg = Debug|Win32
		{6C2D8B5C-CFBD-4E32-8A94-F36B2913166F}.Debug.Build.0 = Debug|Win32
		{6C2D8B5C-CFBD-4E32-8A94-F36B2913166F}.Release.ActiveCfg = Release|Win32
		{6C2D8B5C-CFBD-4E32-8A94-F36B2913166F}.Release.Build.0 = Release|Win32
	EndGlobalSection
	GlobalSection(ExtensibilityGlobals) = postSolution
	EndGlobalSection
	GlobalSection(ExtensibilityAddIns) = postSolution
	EndGlobalSection
EndGlobal
